github.com/OpenNebula/one v0.0.0-20190722142928-1194eb44debf h1:AHQzYIRE2HlYrNzh3czjpJTescP8VmEmhinteq6IZwM=
github.com/OpenNebula/one v0.0.0-20190722142928-1194eb44debf/go.mod h1:8bwdwDxXR9F4u2jdAlANSPpAstv72V8AjpYXgzYu1wM=
github.com/hashicorp/go-cleanhttp v0.5.1 h1:dH3aiDG9Jvb5r5+bYHsikaOUIpcM0xvgMXVoDkXMzJM=
github.com/hashicorp/go-cleanhttp v0.5.1/go.mod h1:JpRdi6/HCYpAwUzNwuwqhbovhLtngrth3wmdIIUrZ80=
github.com/kolo/xmlrpc v0.0.0-20150413191830-0826b98aaa29 h1:A9Cxbd2chMbJwYR6WpWelyovi0v8Pv4xTUc64pO1gxE=
github.com/kolo/xmlrpc v0.0.0-20150413191830-0826b98aaa29/go.mod h1:o03bZfuBwAXHetKXuInt4S7omeXUu62/A845kiycsSQ=
github.com/kr/pretty v0.1.0 h1:L/CwN0zerZDmRFUapSPitk6f+Q3+0za1rQkzVuMiMFI=
github.com/kr/pretty v0.1.0/go.mod h1:dAy3ld7l9f0ibDNOQOHHMYYIIbhfbHSm3C4ZsoJORNo=
github.com/kr/pty v1.1.1/go.mod h1:pFQYn66WHrOpPYNljwOMqo10TkYh1fy3cYio2l3bCsQ=
github.com/kr/text v0.1.0 h1:45sCR5RtlFHMR4UwH9sdQ5TC8v0qDQCHnXt+kaKSTVE=
github.com/kr/text v0.1.0/go.mod h1:4Jbv+DJW3UT/LiOwJeYQe1efqtUx/iVham/4vfdArNI=
gopkg.in/check.v1 v1.0.0-20180628173108-788fd7840127 h1:qIbj1fsPNlZgppZ+VLlY7N33q108Sa+fhmuc+sWQYwY=
gopkg.in/check.v1 v1.0.0-20180628173108-788fd7840127/go.mod h1:Co6ibVJAznAaIkqp8huTwlJQCZ016jof/cbN4VW5Yz0=
